
Microsoft Visual Studio Solution File, Format Version 12.00
# Visual Studio Version 17
VisualStudioVersion = 17.8.34511.84
MinimumVisualStudioVersion = 10.0.40219.1
Project("{FAE04EC0-301F-11D3-BF4B-00C04F79EFBC}") = "MyFirstApp", "MyFirstApp\MyFirstApp.csproj", "{139A8603-8587-45BA-AD5D-CF6F24095E61}"
EndProject
Global
	GlobalSection(SolutionConfigurationPlatforms) = preSolution
		Debug|Any CPU = Debug|Any CPU
		Release|Any CPU = Release|Any CPU
	EndGlobalSection
	GlobalSection(ProjectConfigurationPlatforms) = postSolution
		{139A8603-8587-45BA-AD5D-CF6F24095E61}.Debug|Any CPU.ActiveCfg = Debug|Any CPU
		{139A8603-8587-45BA-AD5D-CF6F24095E61}.Debug|Any CPU.Build.0 = Debug|Any CPU
		{139A8603-8587-45BA-AD5D-CF6F24095E61}.Release|Any CPU.ActiveCfg = Release|Any CPU
		{139A8603-8587-45BA-AD5D-CF6F24095E61}.Release|Any CPU.Build.0 = Release|Any CPU
	EndGlobalSection
	GlobalSection(SolutionProperties) = preSolution
		HideSolutionNode = FALSE
	EndGlobalSection
	GlobalSection(ExtensibilityGlobals) = postSolution
		SolutionGuid = {E77F04FA-8FAC-45C0-A2DF-0086FE5C1329}
	EndGlobalSection
EndGlobal
